<?xml version="1.0" encoding="utf-8"?>
<Project ToolsVersion="4.0" xmlns="http://schemas.microsoft.com/developer/msbuild/2003">
  <ItemGroup>
    <Filter Include="src">
      <UniqueIdentifier>{2DAB880B-99B4-887C-2230-9F7C8E38947C}</UniqueIdentifier>
    </Filter>
    <Filter Include="third_party">
      <UniqueIdentifier>{0FB18DF1-7B66-06E7-045B-00BE700FFDEA}</UniqueIdentifier>
    </Filter>
    <Filter Include="third_party\imgui">
      <UniqueIdentifier>{B90D4423-2524-42B9-6E9B-CDDADAF01241}</UniqueIdentifier>
    </Filter>
  </ItemGroup>
  <ItemGroup>
    <ClInclude Include="..\src\Buffer.hpp">
      <Filter>src</Filter>
    </ClInclude>
    <ClInclude Include="..\src\Camera.hpp">
      <Filter>src</Filter>
    </ClInclude>
    <ClInclude Include="..\src\Composite.hpp">
      <Filter>src</Filter>
    </ClInclude>
    <ClInclude Include="..\src\Context.hpp">
      <Filter>src</Filter>
    </ClInclude>
    <ClInclude Include="..\src\DepthPrepass.hpp">
      <Filter>src</Filter>
    </ClInclude>
    <ClInclude Include="..\src\Engine.hpp">
      <Filter>src</Filter>
    </ClInclude>
    <ClInclude Include="..\src\ForwardPass.hpp">
      <Filter>src</Filter>
    </ClInclude>
    <ClInclude Include="..\src\GLTF.hpp">
      <Filter>src</Filter>
    </ClInclude>
    <ClInclude Include="..\src\History.hpp">
      <Filter>src</Filter>
    </ClInclude>
    <ClInclude Include="..\src\ImGuiRenderer.hpp">
      <Filter>src</Filter>
    </ClInclude>
    <ClInclude Include="..\src\Image.hpp">
      <Filter>src</Filter>
    </ClInclude>
    <ClInclude Include="..\src\Light.hpp">
      <Filter>src</Filter>
    </ClInclude>
    <ClInclude Include="..\src\MotionVectors.hpp">
      <Filter>src</Filter>
    </ClInclude>
    <ClInclude Include="..\src\Pipeline.hpp">
      <Filter>src</Filter>
    </ClInclude>
    <ClInclude Include="..\src\PresentPass.hpp">
      <Filter>src</Filter>
    </ClInclude>
    <ClInclude Include="..\src\RayPass.hpp">
      <Filter>src</Filter>
    </ClInclude>
    <ClInclude Include="..\src\RenderPass.hpp">
      <Filter>src</Filter>
    </ClInclude>
    <ClInclude Include="..\src\Renderer.hpp">
      <Filter>src</Filter>
    </ClInclude>
    <ClInclude Include="..\src\Scene.hpp">
      <Filter>src</Filter>
    </ClInclude>
    <ClInclude Include="..\src\ShadowMap.hpp">
      <Filter>src</Filter>
    </ClInclude>
    <ClInclude Include="..\src\Spatial.hpp">
      <Filter>src</Filter>
    </ClInclude>
    <ClInclude Include="..\src\SpatialCompute.hpp">
      <Filter>src</Filter>
    </ClInclude>
    <ClInclude Include="..\src\Temporal.hpp">
      <Filter>src</Filter>
    </ClInclude>
    <ClInclude Include="..\src\TemporalCompute.hpp">
      <Filter>src</Filter>
    </ClInclude>
    <ClInclude Include="..\src\Utils.hpp">
      <Filter>src</Filter>
    </ClInclude>
    <ClInclude Include="..\third_party\imgui\imconfig.h">
      <Filter>third_party\imgui</Filter>
    </ClInclude>
    <ClInclude Include="..\third_party\imgui\imgui.h">
      <Filter>third_party\imgui</Filter>
    </ClInclude>
    <ClInclude Include="..\third_party\imgui\imgui_impl_glfw.h">
      <Filter>third_party\imgui</Filter>
    </ClInclude>
    <ClInclude Include="..\third_party\imgui\imgui_impl_vulkan.h">
      <Filter>third_party\imgui</Filter>
    </ClInclude>
    <ClInclude Include="..\third_party\imgui\imgui_internal.h">
      <Filter>third_party\imgui</Filter>
    </ClInclude>
    <ClInclude Include="..\third_party\imgui\imstb_rectpack.h">
      <Filter>third_party\imgui</Filter>
    </ClInclude>
    <ClInclude Include="..\third_party\imgui\imstb_textedit.h">
      <Filter>third_party\imgui</Filter>
    </ClInclude>
    <ClInclude Include="..\third_party\imgui\imstb_truetype.h">
      <Filter>third_party\imgui</Filter>
    </ClInclude>
  </ItemGroup>
  <ItemGroup>
    <ClCompile Include="..\src\Buffer.cpp">
      <Filter>src</Filter>
    </ClCompile>
    <ClCompile Include="..\src\Camera.cpp">
      <Filter>src</Filter>
    </ClCompile>
    <ClCompile Include="..\src\Composite.cpp">
      <Filter>src</Filter>
    </ClCompile>
    <ClCompile Include="..\src\Context.cpp">
      <Filter>src</Filter>
    </ClCompile>
    <ClCompile Include="..\src\DepthPrepass.cpp">
      <Filter>src</Filter>
    </ClCompile>
    <ClCompile Include="..\src\Engine.cpp">
      <Filter>src</Filter>
    </ClCompile>
    <ClCompile Include="..\src\ForwardPass.cpp">
      <Filter>src</Filter>
    </ClCompile>
    <ClCompile Include="..\src\GLTF.cpp">
      <Filter>src</Filter>
    </ClCompile>
    <ClCompile Include="..\src\History.cpp">
      <Filter>src</Filter>
    </ClCompile>
    <ClCompile Include="..\src\ImGuiRenderer.cpp">
      <Filter>src</Filter>
    </ClCompile>
    <ClCompile Include="..\src\Image.cpp">
      <Filter>src</Filter>
    </ClCompile>
    <ClCompile Include="..\src\MotionVectors.cpp">
      <Filter>src</Filter>
    </ClCompile>
    <ClCompile Include="..\src\PresentPass.cpp">
      <Filter>src</Filter>
    </ClCompile>
    <ClCompile Include="..\src\RayPass.cpp">
      <Filter>src</Filter>
    </ClCompile>
    <ClCompile Include="..\src\RenderPass.cpp">
      <Filter>src</Filter>
    </ClCompile>
    <ClCompile Include="..\src\Renderer.cpp">
      <Filter>src</Filter>
    </ClCompile>
    <ClCompile Include="..\src\Scene.cpp">
      <Filter>src</Filter>
    </ClCompile>
    <ClCompile Include="..\src\ShadowMap.cpp">
      <Filter>src</Filter>
    </ClCompile>
    <ClCompile Include="..\src\Spatial.cpp">
      <Filter>src</Filter>
    </ClCompile>
    <ClCompile Include="..\src\SpatialCompute.cpp">
      <Filter>src</Filter>
    </ClCompile>
    <ClCompile Include="..\src\TemporaLCompute.cpp">
      <Filter>src</Filter>
    </ClCompile>
    <ClCompile Include="..\src\Temporal.cpp">
      <Filter>src</Filter>
    </ClCompile>
    <ClCompile Include="..\src\Utils.cpp">
      <Filter>src</Filter>
    </ClCompile>
    <ClCompile Include="..\src\main.cpp">
      <Filter>src</Filter>
    </ClCompile>
    <ClCompile Include="..\third_party\imgui\imgui.cpp">
      <Filter>third_party\imgui</Filter>
    </ClCompile>
    <ClCompile Include="..\third_party\imgui\imgui_demo.cpp">
      <Filter>third_party\imgui</Filter>
    </ClCompile>
    <ClCompile Include="..\third_party\imgui\imgui_draw.cpp">
      <Filter>third_party\imgui</Filter>
    </ClCompile>
    <ClCompile Include="..\third_party\imgui\imgui_impl_glfw.cpp">
      <Filter>third_party\imgui</Filter>
    </ClCompile>
    <ClCompile Include="..\third_party\imgui\imgui_impl_vulkan.cpp">
      <Filter>third_party\imgui</Filter>
    </ClCompile>
    <ClCompile Include="..\third_party\imgui\imgui_tables.cpp">
      <Filter>third_party\imgui</Filter>
    </ClCompile>
    <ClCompile Include="..\third_party\imgui\imgui_widgets.cpp">
      <Filter>third_party\imgui</Filter>
    </ClCompile>
  </ItemGroup>
</Project>